
Microsoft Visual Studio Solution File, Format Version 12.00
# Visual Studio Version 16
VisualStudioVersion = 16.0.29806.167
MinimumVisualStudioVersion = 10.0.40219.1
Project("{8BC9CEB8-8B4A-11D0-8D11-00A0C91BC942}") = "11988 Broken Keyboard (a.k.a. Beiju Text)", "11988 Broken Keyboard (a.k.a. Beiju Text).vcxproj", "{2733EECC-60E5-4640-A03A-A4CEB6C9B051}"
EndProject
Global
	GlobalSection(SolutionConfigurationPlatforms) = preSolution
		Debug|x64 = Debug|x64
		Debug|x86 = Debug|x86
		Release|x64 = Release|x64
		Release|x86 = Release|x86
	EndGlobalSection
	GlobalSection(ProjectConfigurationPlatforms) = postSolution
		{2733EECC-60E5-4640-A03A-A4CEB6C9B051}.Debug|x64.ActiveCfg = Debug|x64
		{2733EECC-60E5-4640-A03A-A4CEB6C9B051}.Debug|x64.Build.0 = Debug|x64
		{2733EECC-60E5-4640-A03A-A4CEB6C9B051}.Debug|x86.ActiveCfg = Debug|Win32
		{2733EECC-60E5-4640-A03A-A4CEB6C9B051}.Debug|x86.Build.0 = Debug|Win32
		{2733EECC-60E5-4640-A03A-A4CEB6C9B051}.Release|x64.ActiveCfg = Release|x64
		{2733EECC-60E5-4640-A03A-A4CEB6C9B051}.Release|x64.Build.0 = Release|x64
		{2733EECC-60E5-4640-A03A-A4CEB6C9B051}.Release|x86.ActiveCfg = Release|Win32
		{2733EECC-60E5-4640-A03A-A4CEB6C9B051}.Release|x86.Build.0 = Release|Win32
	EndGlobalSection
	GlobalSection(SolutionProperties) = preSolution
		HideSolutionNode = FALSE
	EndGlobalSection
	GlobalSection(ExtensibilityGlobals) = postSolution
		SolutionGuid = {437B87C2-ECB7-4E62-9EB3-2439350330E6}
	EndGlobalSection
EndGlobal
