
Microsoft Visual Studio Solution File, Format Version 12.00
# Visual Studio Version 16
VisualStudioVersion = 16.0.30204.135
MinimumVisualStudioVersion = 10.0.40219.1
Project("{FAE04EC0-301F-11D3-BF4B-00C04F79EFBC}") = "Problem A", "Problem A.csproj", "{50DC64BC-6294-4BAA-84E7-B6A75CA48EC2}"
EndProject
Global
	GlobalSection(SolutionConfigurationPlatforms) = preSolution
		Debug|Any CPU = Debug|Any CPU
		Release|Any CPU = Release|Any CPU
	EndGlobalSection
	GlobalSection(ProjectConfigurationPlatforms) = postSolution
		{50DC64BC-6294-4BAA-84E7-B6A75CA48EC2}.Debug|Any CPU.ActiveCfg = Debug|Any CPU
		{50DC64BC-6294-4BAA-84E7-B6A75CA48EC2}.Debug|Any CPU.Build.0 = Debug|Any CPU
		{50DC64BC-6294-4BAA-84E7-B6A75CA48EC2}.Release|Any CPU.ActiveCfg = Release|Any CPU
		{50DC64BC-6294-4BAA-84E7-B6A75CA48EC2}.Release|Any CPU.Build.0 = Release|Any CPU
	EndGlobalSection
	GlobalSection(SolutionProperties) = preSolution
		HideSolutionNode = FALSE
	EndGlobalSection
	GlobalSection(ExtensibilityGlobals) = postSolution
		SolutionGuid = {1D860E88-5E7D-4863-A775-2C3C4B41B014}
	EndGlobalSection
EndGlobal
