
Microsoft Visual Studio Solution File, Format Version 12.00
# Visual Studio Version 16
VisualStudioVersion = 16.0.30204.135
MinimumVisualStudioVersion = 10.0.40219.1
Project("{FAE04EC0-301F-11D3-BF4B-00C04F79EFBC}") = "B. GCD Compression", "B. GCD Compression\B. GCD Compression.csproj", "{C5A12726-2478-4308-B75B-F94F040B5A6F}"
EndProject
Global
	GlobalSection(SolutionConfigurationPlatforms) = preSolution
		Debug|Any CPU = Debug|Any CPU
		Release|Any CPU = Release|Any CPU
	EndGlobalSection
	GlobalSection(ProjectConfigurationPlatforms) = postSolution
		{C5A12726-2478-4308-B75B-F94F040B5A6F}.Debug|Any CPU.ActiveCfg = Debug|Any CPU
		{C5A12726-2478-4308-B75B-F94F040B5A6F}.Debug|Any CPU.Build.0 = Debug|Any CPU
		{C5A12726-2478-4308-B75B-F94F040B5A6F}.Release|Any CPU.ActiveCfg = Release|Any CPU
		{C5A12726-2478-4308-B75B-F94F040B5A6F}.Release|Any CPU.Build.0 = Release|Any CPU
	EndGlobalSection
	GlobalSection(SolutionProperties) = preSolution
		HideSolutionNode = FALSE
	EndGlobalSection
	GlobalSection(ExtensibilityGlobals) = postSolution
		SolutionGuid = {6E9C99E7-7E82-42B9-9BA8-688B286F3A63}
	EndGlobalSection
EndGlobal
