
Microsoft Visual Studio Solution File, Format Version 12.00
# Visual Studio Version 16
VisualStudioVersion = 16.0.30204.135
MinimumVisualStudioVersion = 10.0.40219.1
Project("{8BC9CEB8-8B4A-11D0-8D11-00A0C91BC942}") = "11933 Splitting Numbers", "11933 Splitting Numbers.vcxproj", "{BF2FF5F2-D467-42E6-A8E5-BF3F4119297D}"
EndProject
Global
	GlobalSection(SolutionConfigurationPlatforms) = preSolution
		Debug|x64 = Debug|x64
		Debug|x86 = Debug|x86
		Release|x64 = Release|x64
		Release|x86 = Release|x86
	EndGlobalSection
	GlobalSection(ProjectConfigurationPlatforms) = postSolution
		{BF2FF5F2-D467-42E6-A8E5-BF3F4119297D}.Debug|x64.ActiveCfg = Debug|x64
		{BF2FF5F2-D467-42E6-A8E5-BF3F4119297D}.Debug|x64.Build.0 = Debug|x64
		{BF2FF5F2-D467-42E6-A8E5-BF3F4119297D}.Debug|x86.ActiveCfg = Debug|Win32
		{BF2FF5F2-D467-42E6-A8E5-BF3F4119297D}.Debug|x86.Build.0 = Debug|Win32
		{BF2FF5F2-D467-42E6-A8E5-BF3F4119297D}.Release|x64.ActiveCfg = Release|x64
		{BF2FF5F2-D467-42E6-A8E5-BF3F4119297D}.Release|x64.Build.0 = Release|x64
		{BF2FF5F2-D467-42E6-A8E5-BF3F4119297D}.Release|x86.ActiveCfg = Release|Win32
		{BF2FF5F2-D467-42E6-A8E5-BF3F4119297D}.Release|x86.Build.0 = Release|Win32
	EndGlobalSection
	GlobalSection(SolutionProperties) = preSolution
		HideSolutionNode = FALSE
	EndGlobalSection
	GlobalSection(ExtensibilityGlobals) = postSolution
		SolutionGuid = {A27E650C-BD58-46F4-B43B-720473292D3B}
	EndGlobalSection
EndGlobal
