
Microsoft Visual Studio Solution File, Format Version 12.00
# Visual Studio Version 16
VisualStudioVersion = 16.0.30204.135
MinimumVisualStudioVersion = 10.0.40219.1
Project("{FAE04EC0-301F-11D3-BF4B-00C04F79EFBC}") = "Problem C", "Problem C.csproj", "{723900EE-5916-4269-AE50-8EE2DC5FFDAC}"
EndProject
Global
	GlobalSection(SolutionConfigurationPlatforms) = preSolution
		Debug|Any CPU = Debug|Any CPU
		Release|Any CPU = Release|Any CPU
	EndGlobalSection
	GlobalSection(ProjectConfigurationPlatforms) = postSolution
		{723900EE-5916-4269-AE50-8EE2DC5FFDAC}.Debug|Any CPU.ActiveCfg = Debug|Any CPU
		{723900EE-5916-4269-AE50-8EE2DC5FFDAC}.Debug|Any CPU.Build.0 = Debug|Any CPU
		{723900EE-5916-4269-AE50-8EE2DC5FFDAC}.Release|Any CPU.ActiveCfg = Release|Any CPU
		{723900EE-5916-4269-AE50-8EE2DC5FFDAC}.Release|Any CPU.Build.0 = Release|Any CPU
	EndGlobalSection
	GlobalSection(SolutionProperties) = preSolution
		HideSolutionNode = FALSE
	EndGlobalSection
	GlobalSection(ExtensibilityGlobals) = postSolution
		SolutionGuid = {29E5D59B-E8ED-435A-88CF-D9323323B2AB}
	EndGlobalSection
EndGlobal
