
Microsoft Visual Studio Solution File, Format Version 12.00
# Visual Studio Version 16
VisualStudioVersion = 16.0.30204.135
MinimumVisualStudioVersion = 10.0.40219.1
Project("{FAE04EC0-301F-11D3-BF4B-00C04F79EFBC}") = "Problem A", "Problem A.csproj", "{D4AD35C0-E248-43DC-B360-F82B2C0A22F4}"
EndProject
Global
	GlobalSection(SolutionConfigurationPlatforms) = preSolution
		Debug|Any CPU = Debug|Any CPU
		Release|Any CPU = Release|Any CPU
	EndGlobalSection
	GlobalSection(ProjectConfigurationPlatforms) = postSolution
		{D4AD35C0-E248-43DC-B360-F82B2C0A22F4}.Debug|Any CPU.ActiveCfg = Debug|Any CPU
		{D4AD35C0-E248-43DC-B360-F82B2C0A22F4}.Debug|Any CPU.Build.0 = Debug|Any CPU
		{D4AD35C0-E248-43DC-B360-F82B2C0A22F4}.Release|Any CPU.ActiveCfg = Release|Any CPU
		{D4AD35C0-E248-43DC-B360-F82B2C0A22F4}.Release|Any CPU.Build.0 = Release|Any CPU
	EndGlobalSection
	GlobalSection(SolutionProperties) = preSolution
		HideSolutionNode = FALSE
	EndGlobalSection
	GlobalSection(ExtensibilityGlobals) = postSolution
		SolutionGuid = {59ACA6F9-5411-4A28-A93F-275FA1480024}
	EndGlobalSection
EndGlobal
